
Microsoft Visual Studio Solution File, Format Version 12.00
# Visual Studio Version 17
VisualStudioVersion = 17.0.31903.59
MinimumVisualStudioVersion = 10.0.40219.1
Project("{FAE04EC0-301F-11D3-BF4B-00C04F79EFBC}") = "OrderService.Api", "OrderService.Api\OrderService.Api.csproj", "{1D2B08D3-702C-4714-927F-AB6DB17E94CD}"
EndProject
Project("{FAE04EC0-301F-11D3-BF4B-00C04F79EFBC}") = "OrderService.Infrastructure", "OrderService.Infrastructure\OrderService.Infrastructure.csproj", "{315778AF-4B20-4E16-B11D-BA1A1E637643}"
EndProject
Project("{FAE04EC0-301F-11D3-BF4B-00C04F79EFBC}") = "OrderService.Application", "OrderService.Application\OrderService.Application.csproj", "{1AB5AC6E-2A2D-483C-9F3D-5CDF6BC59E1E}"
EndProject
Project("{FAE04EC0-301F-11D3-BF4B-00C04F79EFBC}") = "OrderService.Domain", "OrderService.Domain\OrderService.Domain.csproj", "{5E30AC0A-BBFF-4467-956C-44DCD199F20C}"
EndProject
Project("{FAE04EC0-301F-11D3-BF4B-00C04F79EFBC}") = "Collaboration.Domain", "..\Collaboration\Collaboration.Domain\Collaboration.Domain.csproj", "{1E3FE12A-C0E6-4478-9B47-DBC0F783E48E}"
EndProject
Project("{FAE04EC0-301F-11D3-BF4B-00C04F79EFBC}") = "Collaboration.Web", "..\Collaboration\Collaboration.Web\Collaboration.Web.csproj", "{9175E842-9C2B-4443-9026-F535F36468A8}"
EndProject
Global
	GlobalSection(SolutionConfigurationPlatforms) = preSolution
		Debug|Any CPU = Debug|Any CPU
		Debug|x64 = Debug|x64
		Debug|x86 = Debug|x86
		Release|Any CPU = Release|Any CPU
		Release|x64 = Release|x64
		Release|x86 = Release|x86
	EndGlobalSection
	GlobalSection(ProjectConfigurationPlatforms) = postSolution
		{1D2B08D3-702C-4714-927F-AB6DB17E94CD}.Debug|Any CPU.ActiveCfg = Debug|Any CPU
		{1D2B08D3-702C-4714-927F-AB6DB17E94CD}.Debug|Any CPU.Build.0 = Debug|Any CPU
		{1D2B08D3-702C-4714-927F-AB6DB17E94CD}.Debug|x64.ActiveCfg = Debug|Any CPU
		{1D2B08D3-702C-4714-927F-AB6DB17E94CD}.Debug|x64.Build.0 = Debug|Any CPU
		{1D2B08D3-702C-4714-927F-AB6DB17E94CD}.Debug|x86.ActiveCfg = Debug|Any CPU
		{1D2B08D3-702C-4714-927F-AB6DB17E94CD}.Debug|x86.Build.0 = Debug|Any CPU
		{1D2B08D3-702C-4714-927F-AB6DB17E94CD}.Release|Any CPU.ActiveCfg = Release|Any CPU
		{1D2B08D3-702C-4714-927F-AB6DB17E94CD}.Release|Any CPU.Build.0 = Release|Any CPU
		{1D2B08D3-702C-4714-927F-AB6DB17E94CD}.Release|x64.ActiveCfg = Release|Any CPU
		{1D2B08D3-702C-4714-927F-AB6DB17E94CD}.Release|x64.Build.0 = Release|Any CPU
		{1D2B08D3-702C-4714-927F-AB6DB17E94CD}.Release|x86.ActiveCfg = Release|Any CPU
		{1D2B08D3-702C-4714-927F-AB6DB17E94CD}.Release|x86.Build.0 = Release|Any CPU
		{315778AF-4B20-4E16-B11D-BA1A1E637643}.Debug|Any CPU.ActiveCfg = Debug|Any CPU
		{315778AF-4B20-4E16-B11D-BA1A1E637643}.Debug|Any CPU.Build.0 = Debug|Any CPU
		{315778AF-4B20-4E16-B11D-BA1A1E637643}.Debug|x64.ActiveCfg = Debug|Any CPU
		{315778AF-4B20-4E16-B11D-BA1A1E637643}.Debug|x64.Build.0 = Debug|Any CPU
		{315778AF-4B20-4E16-B11D-BA1A1E637643}.Debug|x86.ActiveCfg = Debug|Any CPU
		{315778AF-4B20-4E16-B11D-BA1A1E637643}.Debug|x86.Build.0 = Debug|Any CPU
		{315778AF-4B20-4E16-B11D-BA1A1E637643}.Release|Any CPU.ActiveCfg = Release|Any CPU
		{315778AF-4B20-4E16-B11D-BA1A1E637643}.Release|Any CPU.Build.0 = Release|Any CPU
		{315778AF-4B20-4E16-B11D-BA1A1E637643}.Release|x64.ActiveCfg = Release|Any CPU
		{315778AF-4B20-4E16-B11D-BA1A1E637643}.Release|x64.Build.0 = Release|Any CPU
		{315778AF-4B20-4E16-B11D-BA1A1E637643}.Release|x86.ActiveCfg = Release|Any CPU
		{315778AF-4B20-4E16-B11D-BA1A1E637643}.Release|x86.Build.0 = Release|Any CPU
		{1AB5AC6E-2A2D-483C-9F3D-5CDF6BC59E1E}.Debug|Any CPU.ActiveCfg = Debug|Any CPU
		{1AB5AC6E-2A2D-483C-9F3D-5CDF6BC59E1E}.Debug|Any CPU.Build.0 = Debug|Any CPU
		{1AB5AC6E-2A2D-483C-9F3D-5CDF6BC59E1E}.Debug|x64.ActiveCfg = Debug|Any CPU
		{1AB5AC6E-2A2D-483C-9F3D-5CDF6BC59E1E}.Debug|x64.Build.0 = Debug|Any CPU
		{1AB5AC6E-2A2D-483C-9F3D-5CDF6BC59E1E}.Debug|x86.ActiveCfg = Debug|Any CPU
		{1AB5AC6E-2A2D-483C-9F3D-5CDF6BC59E1E}.Debug|x86.Build.0 = Debug|Any CPU
		{1AB5AC6E-2A2D-483C-9F3D-5CDF6BC59E1E}.Release|Any CPU.ActiveCfg = Release|Any CPU
		{1AB5AC6E-2A2D-483C-9F3D-5CDF6BC59E1E}.Release|Any CPU.Build.0 = Release|Any CPU
		{1AB5AC6E-2A2D-483C-9F3D-5CDF6BC59E1E}.Release|x64.ActiveCfg = Release|Any CPU
		{1AB5AC6E-2A2D-483C-9F3D-5CDF6BC59E1E}.Release|x64.Build.0 = Release|Any CPU
		{1AB5AC6E-2A2D-483C-9F3D-5CDF6BC59E1E}.Release|x86.ActiveCfg = Release|Any CPU
		{1AB5AC6E-2A2D-483C-9F3D-5CDF6BC59E1E}.Release|x86.Build.0 = Release|Any CPU
		{5E30AC0A-BBFF-4467-956C-44DCD199F20C}.Debug|Any CPU.ActiveCfg = Debug|Any CPU
		{5E30AC0A-BBFF-4467-956C-44DCD199F20C}.Debug|Any CPU.Build.0 = Debug|Any CPU
		{5E30AC0A-BBFF-4467-956C-44DCD199F20C}.Debug|x64.ActiveCfg = Debug|Any CPU
		{5E30AC0A-BBFF-4467-956C-44DCD199F20C}.Debug|x64.Build.0 = Debug|Any CPU
		{5E30AC0A-BBFF-4467-956C-44DCD199F20C}.Debug|x86.ActiveCfg = Debug|Any CPU
		{5E30AC0A-BBFF-4467-956C-44DCD199F20C}.Debug|x86.Build.0 = Debug|Any CPU
		{5E30AC0A-BBFF-4467-956C-44DCD199F20C}.Release|Any CPU.ActiveCfg = Release|Any CPU
		{5E30AC0A-BBFF-4467-956C-44DCD199F20C}.Release|Any CPU.Build.0 = Release|Any CPU
		{5E30AC0A-BBFF-4467-956C-44DCD199F20C}.Release|x64.ActiveCfg = Release|Any CPU
		{5E30AC0A-BBFF-4467-956C-44DCD199F20C}.Release|x64.Build.0 = Release|Any CPU
		{5E30AC0A-BBFF-4467-956C-44DCD199F20C}.Release|x86.ActiveCfg = Release|Any CPU
		{5E30AC0A-BBFF-4467-956C-44DCD199F20C}.Release|x86.Build.0 = Release|Any CPU
		{1E3FE12A-C0E6-4478-9B47-DBC0F783E48E}.Debug|Any CPU.ActiveCfg = Debug|Any CPU
		{1E3FE12A-C0E6-4478-9B47-DBC0F783E48E}.Debug|Any CPU.Build.0 = Debug|Any CPU
		{1E3FE12A-C0E6-4478-9B47-DBC0F783E48E}.Debug|x64.ActiveCfg = Debug|Any CPU
		{1E3FE12A-C0E6-4478-9B47-DBC0F783E48E}.Debug|x64.Build.0 = Debug|Any CPU
		{1E3FE12A-C0E6-4478-9B47-DBC0F783E48E}.Debug|x86.ActiveCfg = Debug|Any CPU
		{1E3FE12A-C0E6-4478-9B47-DBC0F783E48E}.Debug|x86.Build.0 = Debug|Any CPU
		{1E3FE12A-C0E6-4478-9B47-DBC0F783E48E}.Release|Any CPU.ActiveCfg = Release|Any CPU
		{1E3FE12A-C0E6-4478-9B47-DBC0F783E48E}.Release|Any CPU.Build.0 = Release|Any CPU
		{1E3FE12A-C0E6-4478-9B47-DBC0F783E48E}.Release|x64.ActiveCfg = Release|Any CPU
		{1E3FE12A-C0E6-4478-9B47-DBC0F783E48E}.Release|x64.Build.0 = Release|Any CPU
		{1E3FE12A-C0E6-4478-9B47-DBC0F783E48E}.Release|x86.ActiveCfg = Release|Any CPU
		{1E3FE12A-C0E6-4478-9B47-DBC0F783E48E}.Release|x86.Build.0 = Release|Any CPU
		{9175E842-9C2B-4443-9026-F535F36468A8}.Debug|Any CPU.ActiveCfg = Debug|Any CPU
		{9175E842-9C2B-4443-9026-F535F36468A8}.Debug|Any CPU.Build.0 = Debug|Any CPU
		{9175E842-9C2B-4443-9026-F535F36468A8}.Debug|x64.ActiveCfg = Debug|Any CPU
		{9175E842-9C2B-4443-9026-F535F36468A8}.Debug|x64.Build.0 = Debug|Any CPU
		{9175E842-9C2B-4443-9026-F535F36468A8}.Debug|x86.ActiveCfg = Debug|Any CPU
		{9175E842-9C2B-4443-9026-F535F36468A8}.Debug|x86.Build.0 = Debug|Any CPU
		{9175E842-9C2B-4443-9026-F535F36468A8}.Release|Any CPU.ActiveCfg = Release|Any CPU
		{9175E842-9C2B-4443-9026-F535F36468A8}.Release|Any CPU.Build.0 = Release|Any CPU
		{9175E842-9C2B-4443-9026-F535F36468A8}.Release|x64.ActiveCfg = Release|Any CPU
		{9175E842-9C2B-4443-9026-F535F36468A8}.Release|x64.Build.0 = Release|Any CPU
		{9175E842-9C2B-4443-9026-F535F36468A8}.Release|x86.ActiveCfg = Release|Any CPU
		{9175E842-9C2B-4443-9026-F535F36468A8}.Release|x86.Build.0 = Release|Any CPU
	EndGlobalSection
	GlobalSection(SolutionProperties) = preSolution
		HideSolutionNode = FALSE
	EndGlobalSection
EndGlobal
