
Microsoft Visual Studio Solution File, Format Version 12.00
# Visual Studio Version 17
VisualStudioVersion = 17.0.31903.59
MinimumVisualStudioVersion = 10.0.40219.1
Project("{FAE04EC0-301F-11D3-BF4B-00C04F79EFBC}") = "MerchantPlatformService.Api", "MerchantPlatformService.Api\MerchantPlatformService.Api.csproj", "{6DB4E686-28BF-4177-9576-9921592032EE}"
EndProject
Project("{FAE04EC0-301F-11D3-BF4B-00C04F79EFBC}") = "MerchantPlatformService.Infrastructure", "MerchantPlatformService.Infrastructure\MerchantPlatformService.Infrastructure.csproj", "{AD70D412-AF69-46AF-8A39-EA7ED8092B97}"
EndProject
Project("{FAE04EC0-301F-11D3-BF4B-00C04F79EFBC}") = "MerchantPlatformService.Application", "MerchantPlatformService.Application\MerchantPlatformService.Application.csproj", "{DF0D49E0-0785-4528-BC97-833ADA8B6508}"
EndProject
Project("{FAE04EC0-301F-11D3-BF4B-00C04F79EFBC}") = "MerchantPlatformService.Domain", "MerchantPlatformService.Domain\MerchantPlatformService.Domain.csproj", "{835008D4-3DAC-4BA7-9413-8D39C91874D1}"
EndProject
Project("{FAE04EC0-301F-11D3-BF4B-00C04F79EFBC}") = "Collaboration.Domain", "..\Collaboration\Collaboration.Domain\Collaboration.Domain.csproj", "{AAE9791D-7A88-4D21-B9B9-4B8A9E444AA1}"
EndProject
Project("{FAE04EC0-301F-11D3-BF4B-00C04F79EFBC}") = "Collaboration.Web", "..\Collaboration\Collaboration.Web\Collaboration.Web.csproj", "{00EC25A3-7D2E-44EC-AB22-4788FD412965}"
EndProject
Global
	GlobalSection(SolutionConfigurationPlatforms) = preSolution
		Debug|Any CPU = Debug|Any CPU
		Debug|x64 = Debug|x64
		Debug|x86 = Debug|x86
		Release|Any CPU = Release|Any CPU
		Release|x64 = Release|x64
		Release|x86 = Release|x86
	EndGlobalSection
	GlobalSection(ProjectConfigurationPlatforms) = postSolution
		{6DB4E686-28BF-4177-9576-9921592032EE}.Debug|Any CPU.ActiveCfg = Debug|Any CPU
		{6DB4E686-28BF-4177-9576-9921592032EE}.Debug|Any CPU.Build.0 = Debug|Any CPU
		{6DB4E686-28BF-4177-9576-9921592032EE}.Debug|x64.ActiveCfg = Debug|Any CPU
		{6DB4E686-28BF-4177-9576-9921592032EE}.Debug|x64.Build.0 = Debug|Any CPU
		{6DB4E686-28BF-4177-9576-9921592032EE}.Debug|x86.ActiveCfg = Debug|Any CPU
		{6DB4E686-28BF-4177-9576-9921592032EE}.Debug|x86.Build.0 = Debug|Any CPU
		{6DB4E686-28BF-4177-9576-9921592032EE}.Release|Any CPU.ActiveCfg = Release|Any CPU
		{6DB4E686-28BF-4177-9576-9921592032EE}.Release|Any CPU.Build.0 = Release|Any CPU
		{6DB4E686-28BF-4177-9576-9921592032EE}.Release|x64.ActiveCfg = Release|Any CPU
		{6DB4E686-28BF-4177-9576-9921592032EE}.Release|x64.Build.0 = Release|Any CPU
		{6DB4E686-28BF-4177-9576-9921592032EE}.Release|x86.ActiveCfg = Release|Any CPU
		{6DB4E686-28BF-4177-9576-9921592032EE}.Release|x86.Build.0 = Release|Any CPU
		{AD70D412-AF69-46AF-8A39-EA7ED8092B97}.Debug|Any CPU.ActiveCfg = Debug|Any CPU
		{AD70D412-AF69-46AF-8A39-EA7ED8092B97}.Debug|Any CPU.Build.0 = Debug|Any CPU
		{AD70D412-AF69-46AF-8A39-EA7ED8092B97}.Debug|x64.ActiveCfg = Debug|Any CPU
		{AD70D412-AF69-46AF-8A39-EA7ED8092B97}.Debug|x64.Build.0 = Debug|Any CPU
		{AD70D412-AF69-46AF-8A39-EA7ED8092B97}.Debug|x86.ActiveCfg = Debug|Any CPU
		{AD70D412-AF69-46AF-8A39-EA7ED8092B97}.Debug|x86.Build.0 = Debug|Any CPU
		{AD70D412-AF69-46AF-8A39-EA7ED8092B97}.Release|Any CPU.ActiveCfg = Release|Any CPU
		{AD70D412-AF69-46AF-8A39-EA7ED8092B97}.Release|Any CPU.Build.0 = Release|Any CPU
		{AD70D412-AF69-46AF-8A39-EA7ED8092B97}.Release|x64.ActiveCfg = Release|Any CPU
		{AD70D412-AF69-46AF-8A39-EA7ED8092B97}.Release|x64.Build.0 = Release|Any CPU
		{AD70D412-AF69-46AF-8A39-EA7ED8092B97}.Release|x86.ActiveCfg = Release|Any CPU
		{AD70D412-AF69-46AF-8A39-EA7ED8092B97}.Release|x86.Build.0 = Release|Any CPU
		{DF0D49E0-0785-4528-BC97-833ADA8B6508}.Debug|Any CPU.ActiveCfg = Debug|Any CPU
		{DF0D49E0-0785-4528-BC97-833ADA8B6508}.Debug|Any CPU.Build.0 = Debug|Any CPU
		{DF0D49E0-0785-4528-BC97-833ADA8B6508}.Debug|x64.ActiveCfg = Debug|Any CPU
		{DF0D49E0-0785-4528-BC97-833ADA8B6508}.Debug|x64.Build.0 = Debug|Any CPU
		{DF0D49E0-0785-4528-BC97-833ADA8B6508}.Debug|x86.ActiveCfg = Debug|Any CPU
		{DF0D49E0-0785-4528-BC97-833ADA8B6508}.Debug|x86.Build.0 = Debug|Any CPU
		{DF0D49E0-0785-4528-BC97-833ADA8B6508}.Release|Any CPU.ActiveCfg = Release|Any CPU
		{DF0D49E0-0785-4528-BC97-833ADA8B6508}.Release|Any CPU.Build.0 = Release|Any CPU
		{DF0D49E0-0785-4528-BC97-833ADA8B6508}.Release|x64.ActiveCfg = Release|Any CPU
		{DF0D49E0-0785-4528-BC97-833ADA8B6508}.Release|x64.Build.0 = Release|Any CPU
		{DF0D49E0-0785-4528-BC97-833ADA8B6508}.Release|x86.ActiveCfg = Release|Any CPU
		{DF0D49E0-0785-4528-BC97-833ADA8B6508}.Release|x86.Build.0 = Release|Any CPU
		{835008D4-3DAC-4BA7-9413-8D39C91874D1}.Debug|Any CPU.ActiveCfg = Debug|Any CPU
		{835008D4-3DAC-4BA7-9413-8D39C91874D1}.Debug|Any CPU.Build.0 = Debug|Any CPU
		{835008D4-3DAC-4BA7-9413-8D39C91874D1}.Debug|x64.ActiveCfg = Debug|Any CPU
		{835008D4-3DAC-4BA7-9413-8D39C91874D1}.Debug|x64.Build.0 = Debug|Any CPU
		{835008D4-3DAC-4BA7-9413-8D39C91874D1}.Debug|x86.ActiveCfg = Debug|Any CPU
		{835008D4-3DAC-4BA7-9413-8D39C91874D1}.Debug|x86.Build.0 = Debug|Any CPU
		{835008D4-3DAC-4BA7-9413-8D39C91874D1}.Release|Any CPU.ActiveCfg = Release|Any CPU
		{835008D4-3DAC-4BA7-9413-8D39C91874D1}.Release|Any CPU.Build.0 = Release|Any CPU
		{835008D4-3DAC-4BA7-9413-8D39C91874D1}.Release|x64.ActiveCfg = Release|Any CPU
		{835008D4-3DAC-4BA7-9413-8D39C91874D1}.Release|x64.Build.0 = Release|Any CPU
		{835008D4-3DAC-4BA7-9413-8D39C91874D1}.Release|x86.ActiveCfg = Release|Any CPU
		{835008D4-3DAC-4BA7-9413-8D39C91874D1}.Release|x86.Build.0 = Release|Any CPU
		{AAE9791D-7A88-4D21-B9B9-4B8A9E444AA1}.Debug|Any CPU.ActiveCfg = Debug|Any CPU
		{AAE9791D-7A88-4D21-B9B9-4B8A9E444AA1}.Debug|Any CPU.Build.0 = Debug|Any CPU
		{AAE9791D-7A88-4D21-B9B9-4B8A9E444AA1}.Debug|x64.ActiveCfg = Debug|Any CPU
		{AAE9791D-7A88-4D21-B9B9-4B8A9E444AA1}.Debug|x64.Build.0 = Debug|Any CPU
		{AAE9791D-7A88-4D21-B9B9-4B8A9E444AA1}.Debug|x86.ActiveCfg = Debug|Any CPU
		{AAE9791D-7A88-4D21-B9B9-4B8A9E444AA1}.Debug|x86.Build.0 = Debug|Any CPU
		{AAE9791D-7A88-4D21-B9B9-4B8A9E444AA1}.Release|Any CPU.ActiveCfg = Release|Any CPU
		{AAE9791D-7A88-4D21-B9B9-4B8A9E444AA1}.Release|Any CPU.Build.0 = Release|Any CPU
		{AAE9791D-7A88-4D21-B9B9-4B8A9E444AA1}.Release|x64.ActiveCfg = Release|Any CPU
		{AAE9791D-7A88-4D21-B9B9-4B8A9E444AA1}.Release|x64.Build.0 = Release|Any CPU
		{AAE9791D-7A88-4D21-B9B9-4B8A9E444AA1}.Release|x86.ActiveCfg = Release|Any CPU
		{AAE9791D-7A88-4D21-B9B9-4B8A9E444AA1}.Release|x86.Build.0 = Release|Any CPU
		{00EC25A3-7D2E-44EC-AB22-4788FD412965}.Debug|Any CPU.ActiveCfg = Debug|Any CPU
		{00EC25A3-7D2E-44EC-AB22-4788FD412965}.Debug|Any CPU.Build.0 = Debug|Any CPU
		{00EC25A3-7D2E-44EC-AB22-4788FD412965}.Debug|x64.ActiveCfg = Debug|Any CPU
		{00EC25A3-7D2E-44EC-AB22-4788FD412965}.Debug|x64.Build.0 = Debug|Any CPU
		{00EC25A3-7D2E-44EC-AB22-4788FD412965}.Debug|x86.ActiveCfg = Debug|Any CPU
		{00EC25A3-7D2E-44EC-AB22-4788FD412965}.Debug|x86.Build.0 = Debug|Any CPU
		{00EC25A3-7D2E-44EC-AB22-4788FD412965}.Release|Any CPU.ActiveCfg = Release|Any CPU
		{00EC25A3-7D2E-44EC-AB22-4788FD412965}.Release|Any CPU.Build.0 = Release|Any CPU
		{00EC25A3-7D2E-44EC-AB22-4788FD412965}.Release|x64.ActiveCfg = Release|Any CPU
		{00EC25A3-7D2E-44EC-AB22-4788FD412965}.Release|x64.Build.0 = Release|Any CPU
		{00EC25A3-7D2E-44EC-AB22-4788FD412965}.Release|x86.ActiveCfg = Release|Any CPU
		{00EC25A3-7D2E-44EC-AB22-4788FD412965}.Release|x86.Build.0 = Release|Any CPU
	EndGlobalSection
	GlobalSection(SolutionProperties) = preSolution
		HideSolutionNode = FALSE
	EndGlobalSection
EndGlobal
