Microsoft Visual Studio Solution File, Format Version 12.00
# Visual Studio Version 17
VisualStudioVersion = 17.11.35222.181
MinimumVisualStudioVersion = 10.0.40219.1
Project("{2150E333-8FDC-42A3-9474-1A3956D46DE8}") = "Collaboration", "src\Collaboration", "{5b9defd7-81f5-44d5-919d-15811d9aae5e}"
EndProject
Project("{9A19103F-16F7-4668-BE54-9A1E7A4F7556}") = "Collaboration.Domain", "src\Collaboration\Collaboration.Domain\Collaboration.Domain.csproj", "{cd1c60de-ccde-435a-88f1-38ae9ff9b921}"
EndProject
Project("{2150E333-8FDC-42A3-9474-1A3956D46DE8}") = "CustomerService", "src\CustomerService", "{5406fc67-baab-475c-a61d-f3dd8d087f27}"
EndProject
Project("{9A19103F-16F7-4668-BE54-9A1E7A4F7556}") = "CustomerService.Domain", "src\CustomerService\CustomerService.Domain\CustomerService.Domain.csproj", "{e2017c43-d603-481b-8881-8fe6e521169e}"
EndProject
Project("{9A19103F-16F7-4668-BE54-9A1E7A4F7556}") = "CustomerService.Application", "src\CustomerService\CustomerService.Application\CustomerService.Application.csproj", "{f9e059d6-1890-47a1-99ac-bd941cdd2505}"
EndProject
Project("{9A19103F-16F7-4668-BE54-9A1E7A4F7556}") = "CustomerService.Infrastructure", "src\CustomerService\CustomerService.Infrastructure\CustomerService.Infrastructure.csproj", "{1cf25667-2884-4904-bb33-a75775c2e924}"
EndProject
Project("{9A19103F-16F7-4668-BE54-9A1E7A4F7556}") = "CustomerService.Api", "src\CustomerService\CustomerService.Api\CustomerService.Api.csproj", "{bea39ba4-6480-45eb-aeb1-2118ac2855dc}"
EndProject
Project("{2150E333-8FDC-42A3-9474-1A3956D46DE8}") = "tests", "tests", "{92d7b391-68d0-4ca9-bfda-5875d7ad0e6c}"
EndProject
Project("{9A19103F-16F7-4668-BE54-9A1E7A4F7556}") = "Collaboration.Domain.Tests", "tests\Collaboration.Domain.Tests\Collaboration.Domain.Tests.csproj", "{b397ec61-0737-48d4-8818-eb57e59ff4b2}"
EndProject
Global
	GlobalSection(SolutionConfigurationPlatforms) = preSolution
		Debug|Any CPU = Debug|Any CPU
		Release|Any CPU = Release|Any CPU
	EndGlobalSection
	GlobalSection(ProjectConfigurationPlatforms) = postSolution
		{cd1c60de-ccde-435a-88f1-38ae9ff9b921}.Debug|Any CPU.ActiveCfg = Debug|Any CPU
		{cd1c60de-ccde-435a-88f1-38ae9ff9b921}.Debug|Any CPU.Build.0 = Debug|Any CPU
		{cd1c60de-ccde-435a-88f1-38ae9ff9b921}.Release|Any CPU.ActiveCfg = Release|Any CPU
		{cd1c60de-ccde-435a-88f1-38ae9ff9b921}.Release|Any CPU.Build.0 = Release|Any CPU
		{e2017c43-d603-481b-8881-8fe6e521169e}.Debug|Any CPU.ActiveCfg = Debug|Any CPU
		{e2017c43-d603-481b-8881-8fe6e521169e}.Debug|Any CPU.Build.0 = Debug|Any CPU
		{e2017c43-d603-481b-8881-8fe6e521169e}.Release|Any CPU.ActiveCfg = Release|Any CPU
		{e2017c43-d603-481b-8881-8fe6e521169e}.Release|Any CPU.Build.0 = Release|Any CPU
		{f9e059d6-1890-47a1-99ac-bd941cdd2505}.Debug|Any CPU.ActiveCfg = Debug|Any CPU
		{f9e059d6-1890-47a1-99ac-bd941cdd2505}.Debug|Any CPU.Build.0 = Debug|Any CPU
		{f9e059d6-1890-47a1-99ac-bd941cdd2505}.Release|Any CPU.ActiveCfg = Release|Any CPU
		{f9e059d6-1890-47a1-99ac-bd941cdd2505}.Release|Any CPU.Build.0 = Release|Any CPU
		{1cf25667-2884-4904-bb33-a75775c2e924}.Debug|Any CPU.ActiveCfg = Debug|Any CPU
		{1cf25667-2884-4904-bb33-a75775c2e924}.Debug|Any CPU.Build.0 = Debug|Any CPU
		{1cf25667-2884-4904-bb33-a75775c2e924}.Release|Any CPU.ActiveCfg = Release|Any CPU
		{1cf25667-2884-4904-bb33-a75775c2e924}.Release|Any CPU.Build.0 = Release|Any CPU
		{bea39ba4-6480-45eb-aeb1-2118ac2855dc}.Debug|Any CPU.ActiveCfg = Debug|Any CPU
		{bea39ba4-6480-45eb-aeb1-2118ac2855dc}.Debug|Any CPU.Build.0 = Debug|Any CPU
		{bea39ba4-6480-45eb-aeb1-2118ac2855dc}.Release|Any CPU.ActiveCfg = Release|Any CPU
		{bea39ba4-6480-45eb-aeb1-2118ac2855dc}.Release|Any CPU.Build.0 = Release|Any CPU
		{b397ec61-0737-48d4-8818-eb57e59ff4b2}.Debug|Any CPU.ActiveCfg = Debug|Any CPU
		{b397ec61-0737-48d4-8818-eb57e59ff4b2}.Debug|Any CPU.Build.0 = Debug|Any CPU
		{b397ec61-0737-48d4-8818-eb57e59ff4b2}.Release|Any CPU.ActiveCfg = Release|Any CPU
		{b397ec61-0737-48d4-8818-eb57e59ff4b2}.Release|Any CPU.Build.0 = Release|Any CPU
	EndGlobalSection
	GlobalSection(SolutionProperties) = preSolution
		HideSolutionNode = FALSE
	EndGlobalSection
	GlobalSection(NestedProjects) = preSolution
		{cd1c60de-ccde-435a-88f1-38ae9ff9b921} = {5b9defd7-81f5-44d5-919d-15811d9aae5e}
		{e2017c43-d603-481b-8881-8fe6e521169e} = {5406fc67-baab-475c-a61d-f3dd8d087f27}
		{f9e059d6-1890-47a1-99ac-bd941cdd2505} = {5406fc67-baab-475c-a61d-f3dd8d087f27}
		{1cf25667-2884-4904-bb33-a75775c2e924} = {5406fc67-baab-475c-a61d-f3dd8d087f27}
		{bea39ba4-6480-45eb-aeb1-2118ac2855dc} = {5406fc67-baab-475c-a61d-f3dd8d087f27}
		{b397ec61-0737-48d4-8818-eb57e59ff4b2} = {92d7b391-68d0-4ca9-bfda-5875d7ad0e6c}
	EndGlobalSection
	GlobalSection(ExtensibilityGlobals) = postSolution
		SolutionGuid = {c87ff51f-3617-48df-990a-0814cf874c6d}
	EndGlobalSection
EndGlobal