<Solution>
  <Folder Name="/src/" />
  <Folder Name="/src/AuthService/">
    <Project Path="src/AuthService/AuthService.Api/AuthService.Api.csproj" />
    <Project Path="src/AuthService/AuthService.Application/AuthService.Application.csproj" />
    <Project Path="src/AuthService/AuthService.Domain/AuthService.Domain.csproj" />
    <Project Path="src/AuthService/AuthService.Infrastructure/AuthService.Infrastructure.csproj" />
  </Folder>
  <Folder Name="/src/CartService/">
    <Project Path="src/CartService/CartService.Api/CartService.Api.csproj" />
    <Project Path="src/CartService/CartService.Application/CartService.Application.csproj" />
    <Project Path="src/CartService/CartService.Domain/CartService.Domain.csproj" />
    <Project Path="src/CartService/CartService.Infrastructure/CartService.Infrastructure.csproj" />
  </Folder>
  <Folder Name="/src/Collaboration/">
    <Project Path="src/Collaboration/Collaboration.Domain/Collaboration.Domain.csproj" />
    <Project Path="src/Collaboration/Collaboration.Web/Collaboration.Web.csproj" />
  </Folder>
  <Folder Name="/src/CustomerService/">
    <Project Path="src/CustomerService/CustomerService.Api/CustomerService.Api.csproj" />
    <Project Path="src/CustomerService/CustomerService.Application/CustomerService.Application.csproj" />
    <Project Path="src/CustomerService/CustomerService.Domain/CustomerService.Domain.csproj" />
    <Project Path="src/CustomerService/CustomerService.Infrastructure/CustomerService.Infrastructure.csproj" />
  </Folder>
  <Folder Name="/src/Gateway/">
    <Project Path="src/Gateway/Gateway.Api/Gateway.Api.csproj" />
  </Folder>
  <Folder Name="/src/InventoryService/">
    <Project Path="src/InventoryService/InventoryService.Api/InventoryService.Api.csproj" />
    <Project Path="src/InventoryService/InventoryService.Application/InventoryService.Application.csproj" />
    <Project Path="src/InventoryService/InventoryService.Domain/InventoryService.Domain.csproj" />
    <Project Path="src/InventoryService/InventoryService.Infrastructure/InventoryService.Infrastructure.csproj" />
  </Folder>
  <Folder Name="/src/MarketingService/">
    <Project Path="src/MarketingService/MarketingService.Api/MarketingService.Api.csproj" />
    <Project Path="src/MarketingService/MarketingService.Application/MarketingService.Application.csproj" />
    <Project Path="src/MarketingService/MarketingService.Domain/MarketingService.Domain.csproj" />
    <Project Path="src/MarketingService/MarketingService.Infrastructure/MarketingService.Infrastructure.csproj" />
  </Folder>
  <Folder Name="/src/OrderService/">
    <Project Path="src/OrderService/OrderService.Api/OrderService.Api.csproj" />
    <Project Path="src/OrderService/OrderService.Application/OrderService.Application.csproj" />
    <Project Path="src/OrderService/OrderService.Domain/OrderService.Domain.csproj" />
    <Project Path="src/OrderService/OrderService.Infrastructure/OrderService.Infrastructure.csproj" />
  </Folder>
  <Folder Name="/src/PermissionService/">
    <Project Path="src/PermissionService/PermissionService.Api/PermissionService.Api.csproj" />
    <Project Path="src/PermissionService/PermissionService.Application/PermissionService.Application.csproj" />
    <Project Path="src/PermissionService/PermissionService.Domain/PermissionService.Domain.csproj" />
    <Project Path="src/PermissionService/PermissionService.Infrastructure/PermissionService.Infrastructure.csproj" />
  </Folder>
  <Folder Name="/src/PointService/">
    <Project Path="src/PointService/PointService.Api/PointService.Api.csproj" />
    <Project Path="src/PointService/PointService.Application/PointService.Application.csproj" />
    <Project Path="src/PointService/PointService.Domain/PointService.Domain.csproj" />
    <Project Path="src/PointService/PointService.Infrastructure/PointService.Infrastructure.csproj" />
  </Folder>
  <Folder Name="/src/ProductService/">
    <Project Path="src/ProductService/ProductService.Api/ProductService.Api.csproj" />
    <Project Path="src/ProductService/ProductService.Application/ProductService.Application.csproj" />
    <Project Path="src/ProductService/ProductService.Domain/ProductService.Domain.csproj" />
    <Project Path="src/ProductService/ProductService.Infrastructure/ProductService.Infrastructure.csproj" />
  </Folder>
  <Folder Name="/src/ToolService/">
    <Project Path="src/ToolService/ToolService.Api/ToolService.Api.csproj" />
    <Project Path="src/ToolService/ToolService.Application/ToolService.Application.csproj" />
    <Project Path="src/ToolService/ToolService.Domain/ToolService.Domain.csproj" />
    <Project Path="src/ToolService/ToolService.Infrastructure/ToolService.Infrastructure.csproj" />
  </Folder>
  <Folder Name="/src/ScheduledService/">
    <Project Path="src/ScheduledService/ScheduledService/ScheduledService.csproj" />
  </Folder>
  <Folder Name="/src/UserService/">
    <Project Path="src/UserService/UserService.Api/UserService.Api.csproj" />
    <Project Path="src/UserService/UserService.Application/UserService.Application.csproj" />
    <Project Path="src/UserService/UserService.Domain/UserService.Domain.csproj" />
    <Project Path="src/UserService/UserService.Infrastructure/UserService.Infrastructure.csproj" />
  </Folder>
  <Folder Name="/tests/">
    <Project Path="tests/Collaboration.Domain.Tests/Collaboration.Domain.Tests.csproj" />
  </Folder>
</Solution>
