<Solution>
  <Folder Name="/src/" />
  <Folder Name="/src/Collaboration/">
    <Project Path="src/Collaboration/Collaboration.Domain/Collaboration.Domain.csproj" />
    <Project Path="src/Collaboration/Collaboration.Web/Collaboration.Web.csproj" />
  </Folder>
  <Folder Name="/src/CustomerService/">
    <Project Path="src/CustomerService/CustomerService.Api/CustomerService.Api.csproj" />
    <Project Path="src/CustomerService/CustomerService.Application/CustomerService.Application.csproj" />
    <Project Path="src/CustomerService/CustomerService.Domain/CustomerService.Domain.csproj" />
    <Project Path="src/CustomerService/CustomerService.Infrastructure/CustomerService.Infrastructure.csproj" />
  </Folder>
  <Folder Name="/src/PermissionService/">
    <Project Path="src/PermissionService/PermissionService.Api/PermissionService.Api.csproj" />
    <Project Path="src/PermissionService/PermissionService.Application/PermissionService.Application.csproj" />
    <Project Path="src/PermissionService/PermissionService.Domain/PermissionService.Domain.csproj" />
    <Project Path="src/PermissionService/PermissionService.Infrastructure/PermissionService.Infrastructure.csproj" />
  </Folder>
  <Folder Name="/src/UserService/">
    <Project Path="src/UserService/UserService.Api/UserService.Api.csproj" />
    <Project Path="src/UserService/UserService.Application/UserService.Application.csproj" />
    <Project Path="src/UserService/UserService.Domain/UserService.Domain.csproj" />
    <Project Path="src/UserService/UserService.Infrastructure/UserService.Infrastructure.csproj" />
  </Folder>
  <Folder Name="/tests/">
    <Project Path="tests/Collaboration.Domain.Tests/Collaboration.Domain.Tests.csproj" />
  </Folder>
</Solution>
